{
  "version": 2,
  "dependencies": {
    "net6.0": {
      "Ardalis.GuardClauses": {
        "type": "Direct",
        "requested": "[4.0.1, )",
        "resolved": "4.0.1",
        "contentHash": "RemnImQf/BWR8oYqFpdw+hn+b4Q1w+pGujkRiSfjQhMPuiERwGn4UMmQv+6UDE4qbPlnIN+e3e40JkvBhzgfzg==",
        "dependencies": {
          "JetBrains.Annotations": "2021.3.0"
        }
      },
      "Ardalis.SmartEnum": {
        "type": "Direct",
        "requested": "[2.1.0, )",
        "resolved": "2.1.0",
        "contentHash": "RY3BulzPKbcwGhsY/gYkn8sPQtbipF6XheDHbW/TSVUtyFJ/FKTnY2Tx+34WLL5+e/9UnSQcGd3dOqpdN1QzKA=="
      },
      "Ardalis.Specification": {
        "type": "Direct",
        "requested": "[6.1.0, )",
        "resolved": "6.1.0",
        "contentHash": "3+DIYrDWwqXMSki3v+kjP8MhKcCoUHLGp6Lhz1+rwjMTHKe8pYUEJWjOxsS5umyL+IIzvaVZUZmwXCs7rGHy4Q=="
      },
      "Autofac": {
        "type": "Direct",
        "requested": "[6.4.0, )",
        "resolved": "6.4.0",
        "contentHash": "tkFxl6wAPuwVhrlN8wuNADnd+k2tv4ReP7ZZSL0vjfcN0RcfC9v25ogxK6b03HC7D4NwWjSLf1G/zTG8Bw43wQ==",
        "dependencies": {
          "System.Diagnostics.DiagnosticSource": "4.7.1"
        }
      },
      "MediatR": {
        "type": "Direct",
        "requested": "[10.0.1, )",
        "resolved": "10.0.1",
        "contentHash": "vnjbk4giDJzJelh34Ygt0eorApCKrRFB7j0pauFPY1oxfO3cEZ7FugBrIOjCM76SDGTOmPFfbfmVnz1t3iFrGA==",
        "dependencies": {
          "MediatR.Contracts": "1.0.1"
        }
      },
      "Newtonsoft.Json": {
        "type": "Direct",
        "requested": "[13.0.1, )",
        "resolved": "13.0.1",
        "contentHash": "ppPFpBcvxdsfUonNcvITKqLl3bqxWbDCZIzDWHzjpdAHRFfZe0Dw9HmA0+za13IdyrgJwpkDTDA9fHaxOrt20A=="
      },
      "JetBrains.Annotations": {
        "type": "Transitive",
        "resolved": "2021.3.0",
        "contentHash": "Ddxjs5RRjf+c8m9m++WvhW1lz1bqNhsTjWvCLbQN9bvKbkJeR9MhtfNwKgBRRdG2yLHcXFr5Lf7fsvvkiPaDRg=="
      },
      "MediatR.Contracts": {
        "type": "Transitive",
        "resolved": "1.0.1",
        "contentHash": "NsRvOxthhkYml4DcBMyJsmym8C4MchioH7wxKVPEg7plFj9Euh/i4IcmZ3Gvgx6+K8obeuhPeJdoBl56wnuo3A=="
      },
      "System.Diagnostics.DiagnosticSource": {
        "type": "Transitive",
        "resolved": "4.7.1",
        "contentHash": "j81Lovt90PDAq8kLpaJfJKV/rWdWuEk6jfV+MBkee33vzYLEUsy4gXK8laa9V2nZlLM9VM9yA/OOQxxPEJKAMw=="
      },
      "gremy.ovh.sharedkernel": {
        "type": "Project",
        "dependencies": {
          "Ardalis.Specification": "[6.1.0, )",
          "MediatR": "[10.0.1, )"
        }
      }
    }
  }
}